
Microsoft Visual Studio Solution File, Format Version 12.00
# Visual Studio 15
VisualStudioVersion = 15.0.27130.2020
MinimumVisualStudioVersion = 10.0.40219.1
Project("{FAE04EC0-301F-11D3-BF4B-00C04F79EFBC}") = "HeapSort", "HeapSort\HeapSort.csproj", "{24AC32BE-11BF-46ED-8082-34A2202FC024}"
EndProject
Global
	GlobalSection(SolutionConfigurationPlatforms) = preSolution
		Debug|Any CPU = Debug|Any CPU
		Release|Any CPU = Release|Any CPU
	EndGlobalSection
	GlobalSection(ProjectConfigurationPlatforms) = postSolution
		{24AC32BE-11BF-46ED-8082-34A2202FC024}.Debug|Any CPU.ActiveCfg = Debug|Any CPU
		{24AC32BE-11BF-46ED-8082-34A2202FC024}.Debug|Any CPU.Build.0 = Debug|Any CPU
		{24AC32BE-11BF-46ED-8082-34A2202FC024}.Release|Any CPU.ActiveCfg = Release|Any CPU
		{24AC32BE-11BF-46ED-8082-34A2202FC024}.Release|Any CPU.Build.0 = Release|Any CPU
	EndGlobalSection
	GlobalSection(SolutionProperties) = preSolution
		HideSolutionNode = FALSE
	EndGlobalSection
	GlobalSection(ExtensibilityGlobals) = postSolution
		SolutionGuid = {FB780190-0579-4680-BFB2-A92C6ECE2D84}
	EndGlobalSection
EndGlobal
