
Microsoft Visual Studio Solution File, Format Version 12.00
# Visual Studio 15
VisualStudioVersion = 15.0.27130.2020
MinimumVisualStudioVersion = 10.0.40219.1
Project("{FAE04EC0-301F-11D3-BF4B-00C04F79EFBC}") = "SelectionSort", "SelectionSort\SelectionSort.csproj", "{92827226-B6E3-4433-A7FB-502D7EE42812}"
EndProject
Global
	GlobalSection(SolutionConfigurationPlatforms) = preSolution
		Debug|Any CPU = Debug|Any CPU
		Release|Any CPU = Release|Any CPU
	EndGlobalSection
	GlobalSection(ProjectConfigurationPlatforms) = postSolution
		{92827226-B6E3-4433-A7FB-502D7EE42812}.Debug|Any CPU.ActiveCfg = Debug|Any CPU
		{92827226-B6E3-4433-A7FB-502D7EE42812}.Debug|Any CPU.Build.0 = Debug|Any CPU
		{92827226-B6E3-4433-A7FB-502D7EE42812}.Release|Any CPU.ActiveCfg = Release|Any CPU
		{92827226-B6E3-4433-A7FB-502D7EE42812}.Release|Any CPU.Build.0 = Release|Any CPU
	EndGlobalSection
	GlobalSection(SolutionProperties) = preSolution
		HideSolutionNode = FALSE
	EndGlobalSection
	GlobalSection(ExtensibilityGlobals) = postSolution
		SolutionGuid = {54175561-E73C-413E-9858-1A64D87A8740}
	EndGlobalSection
EndGlobal
