
Microsoft Visual Studio Solution File, Format Version 12.00
# Visual Studio 15
VisualStudioVersion = 15.0.27130.2020
MinimumVisualStudioVersion = 10.0.40219.1
Project("{FAE04EC0-301F-11D3-BF4B-00C04F79EFBC}") = "FindMinMaxBinaryTree", "FindMinMaxBinaryTree\FindMinMaxBinaryTree.csproj", "{B92833B3-F25A-42DA-B499-F9C28D86593B}"
EndProject
Global
	GlobalSection(SolutionConfigurationPlatforms) = preSolution
		Debug|Any CPU = Debug|Any CPU
		Release|Any CPU = Release|Any CPU
	EndGlobalSection
	GlobalSection(ProjectConfigurationPlatforms) = postSolution
		{B92833B3-F25A-42DA-B499-F9C28D86593B}.Debug|Any CPU.ActiveCfg = Debug|Any CPU
		{B92833B3-F25A-42DA-B499-F9C28D86593B}.Debug|Any CPU.Build.0 = Debug|Any CPU
		{B92833B3-F25A-42DA-B499-F9C28D86593B}.Release|Any CPU.ActiveCfg = Release|Any CPU
		{B92833B3-F25A-42DA-B499-F9C28D86593B}.Release|Any CPU.Build.0 = Release|Any CPU
	EndGlobalSection
	GlobalSection(SolutionProperties) = preSolution
		HideSolutionNode = FALSE
	EndGlobalSection
	GlobalSection(ExtensibilityGlobals) = postSolution
		SolutionGuid = {1EB13F29-8A53-4590-A6CE-364F35A3C8A2}
	EndGlobalSection
EndGlobal
