
Microsoft Visual Studio Solution File, Format Version 12.00
# Visual Studio 15
VisualStudioVersion = 15.0.27130.2020
MinimumVisualStudioVersion = 10.0.40219.1
Project("{FAE04EC0-301F-11D3-BF4B-00C04F79EFBC}") = "CheckWeight", "CheckWeight\CheckWeight.csproj", "{9C36FFE7-350C-4443-B541-6AAA8C64D8CC}"
EndProject
Global
	GlobalSection(SolutionConfigurationPlatforms) = preSolution
		Debug|Any CPU = Debug|Any CPU
		Release|Any CPU = Release|Any CPU
	EndGlobalSection
	GlobalSection(ProjectConfigurationPlatforms) = postSolution
		{9C36FFE7-350C-4443-B541-6AAA8C64D8CC}.Debug|Any CPU.ActiveCfg = Debug|Any CPU
		{9C36FFE7-350C-4443-B541-6AAA8C64D8CC}.Debug|Any CPU.Build.0 = Debug|Any CPU
		{9C36FFE7-350C-4443-B541-6AAA8C64D8CC}.Release|Any CPU.ActiveCfg = Release|Any CPU
		{9C36FFE7-350C-4443-B541-6AAA8C64D8CC}.Release|Any CPU.Build.0 = Release|Any CPU
	EndGlobalSection
	GlobalSection(SolutionProperties) = preSolution
		HideSolutionNode = FALSE
	EndGlobalSection
	GlobalSection(ExtensibilityGlobals) = postSolution
		SolutionGuid = {2C6467BF-B65F-48F8-ADE4-B9B815E22608}
	EndGlobalSection
EndGlobal
