
Microsoft Visual Studio Solution File, Format Version 12.00
# Visual Studio 15
VisualStudioVersion = 15.0.27130.2020
MinimumVisualStudioVersion = 10.0.40219.1
Project("{FAE04EC0-301F-11D3-BF4B-00C04F79EFBC}") = "MammalTreeBuilding", "MammalTreeBuilding\MammalTreeBuilding.csproj", "{46F67D3B-C714-49E2-8BFE-CFB418795065}"
EndProject
Global
	GlobalSection(SolutionConfigurationPlatforms) = preSolution
		Debug|Any CPU = Debug|Any CPU
		Release|Any CPU = Release|Any CPU
	EndGlobalSection
	GlobalSection(ProjectConfigurationPlatforms) = postSolution
		{46F67D3B-C714-49E2-8BFE-CFB418795065}.Debug|Any CPU.ActiveCfg = Debug|Any CPU
		{46F67D3B-C714-49E2-8BFE-CFB418795065}.Debug|Any CPU.Build.0 = Debug|Any CPU
		{46F67D3B-C714-49E2-8BFE-CFB418795065}.Release|Any CPU.ActiveCfg = Release|Any CPU
		{46F67D3B-C714-49E2-8BFE-CFB418795065}.Release|Any CPU.Build.0 = Release|Any CPU
	EndGlobalSection
	GlobalSection(SolutionProperties) = preSolution
		HideSolutionNode = FALSE
	EndGlobalSection
	GlobalSection(ExtensibilityGlobals) = postSolution
		SolutionGuid = {1E32E8E0-9B22-4598-8961-66DDD1FDD004}
	EndGlobalSection
EndGlobal
