
Microsoft Visual Studio Solution File, Format Version 12.00
# Visual Studio 15
VisualStudioVersion = 15.0.27428.2005
MinimumVisualStudioVersion = 10.0.40219.1
Project("{FAE04EC0-301F-11D3-BF4B-00C04F79EFBC}") = "TicTacToeGame", "TicTacToeGame\TicTacToeGame.csproj", "{1C9A0F80-6C45-4817-BEDE-A7836620C040}"
EndProject
Global
	GlobalSection(SolutionConfigurationPlatforms) = preSolution
		Debug|Any CPU = Debug|Any CPU
		Release|Any CPU = Release|Any CPU
	EndGlobalSection
	GlobalSection(ProjectConfigurationPlatforms) = postSolution
		{1C9A0F80-6C45-4817-BEDE-A7836620C040}.Debug|Any CPU.ActiveCfg = Debug|Any CPU
		{1C9A0F80-6C45-4817-BEDE-A7836620C040}.Debug|Any CPU.Build.0 = Debug|Any CPU
		{1C9A0F80-6C45-4817-BEDE-A7836620C040}.Release|Any CPU.ActiveCfg = Release|Any CPU
		{1C9A0F80-6C45-4817-BEDE-A7836620C040}.Release|Any CPU.Build.0 = Release|Any CPU
	EndGlobalSection
	GlobalSection(SolutionProperties) = preSolution
		HideSolutionNode = FALSE
	EndGlobalSection
	GlobalSection(ExtensibilityGlobals) = postSolution
		SolutionGuid = {071F9DEF-568B-4E8F-BB5E-EFAF043ED23E}
	EndGlobalSection
EndGlobal
