
Microsoft Visual Studio Solution File, Format Version 12.00
# Visual Studio 15
VisualStudioVersion = 15.0.27130.2020
MinimumVisualStudioVersion = 10.0.40219.1
Project("{FAE04EC0-301F-11D3-BF4B-00C04F79EFBC}") = "ArrayToBinaryTree", "ArrayToBinaryTree\ArrayToBinaryTree.csproj", "{5F712909-8D46-4336-AE35-FC78D2FDBF15}"
EndProject
Global
	GlobalSection(SolutionConfigurationPlatforms) = preSolution
		Debug|Any CPU = Debug|Any CPU
		Release|Any CPU = Release|Any CPU
	EndGlobalSection
	GlobalSection(ProjectConfigurationPlatforms) = postSolution
		{5F712909-8D46-4336-AE35-FC78D2FDBF15}.Debug|Any CPU.ActiveCfg = Debug|Any CPU
		{5F712909-8D46-4336-AE35-FC78D2FDBF15}.Debug|Any CPU.Build.0 = Debug|Any CPU
		{5F712909-8D46-4336-AE35-FC78D2FDBF15}.Release|Any CPU.ActiveCfg = Release|Any CPU
		{5F712909-8D46-4336-AE35-FC78D2FDBF15}.Release|Any CPU.Build.0 = Release|Any CPU
	EndGlobalSection
	GlobalSection(SolutionProperties) = preSolution
		HideSolutionNode = FALSE
	EndGlobalSection
	GlobalSection(ExtensibilityGlobals) = postSolution
		SolutionGuid = {F9213A2D-3511-4C97-BF61-A183078CD21F}
	EndGlobalSection
EndGlobal
